{
    "_meta": {
        "hash": {
            "sha256": "4eac0d2344edaf332a993245f678a23470c2aaab5e610e8f4a0b7835c3be4986"
        },
        "pipfile-spec": 6,
        "requires": {
            "python_version": "3.11"
        },
        "sources": [
            {
                "name": "pypi",
                "url": "https://pypi.org/simple",
                "verify_ssl": true
            }
        ]
    },
    "default": {},
    "develop": {}
}
